
Microsoft Visual Studio Solution File, Format Version 12.00
# Visual Studio Version 16
VisualStudioVersion = 16.0.30104.148
MinimumVisualStudioVersion = 10.0.40219.1
Project("{FAE04EC0-301F-11D3-BF4B-00C04F79EFBC}") = "CYBERTRACK_DESKTOP", "CYBERTRACK_DESKTOP.csproj", "{AE04EC65-4D2D-4AF0-AA21-552469A9A8F2}"
EndProject
Project("{FAE04EC0-301F-11D3-BF4B-00C04F79EFBC}") = "CSBComponents", "..\CaaioSB\uiCSB\CSBComponents.csproj", "{3AA38F95-836E-456B-AC6D-856F88516056}"
EndProject
Global
	GlobalSection(SolutionConfigurationPlatforms) = preSolution
		Debug|Any CPU = Debug|Any CPU
		Debug|x64 = Debug|x64
		Release|Any CPU = Release|Any CPU
		Release|x64 = Release|x64
	EndGlobalSection
	GlobalSection(ProjectConfigurationPlatforms) = postSolution
		{AE04EC65-4D2D-4AF0-AA21-552469A9A8F2}.Debug|Any CPU.ActiveCfg = Debug|Any CPU
		{AE04EC65-4D2D-4AF0-AA21-552469A9A8F2}.Debug|Any CPU.Build.0 = Debug|Any CPU
		{AE04EC65-4D2D-4AF0-AA21-552469A9A8F2}.Debug|x64.ActiveCfg = Debug|Any CPU
		{AE04EC65-4D2D-4AF0-AA21-552469A9A8F2}.Debug|x64.Build.0 = Debug|Any CPU
		{AE04EC65-4D2D-4AF0-AA21-552469A9A8F2}.Release|Any CPU.ActiveCfg = Release|Any CPU
		{AE04EC65-4D2D-4AF0-AA21-552469A9A8F2}.Release|Any CPU.Build.0 = Release|Any CPU
		{AE04EC65-4D2D-4AF0-AA21-552469A9A8F2}.Release|x64.ActiveCfg = Release|Any CPU
		{AE04EC65-4D2D-4AF0-AA21-552469A9A8F2}.Release|x64.Build.0 = Release|Any CPU
		{3AA38F95-836E-456B-AC6D-856F88516056}.Debug|Any CPU.ActiveCfg = Debug|Any CPU
		{3AA38F95-836E-456B-AC6D-856F88516056}.Debug|Any CPU.Build.0 = Debug|Any CPU
		{3AA38F95-836E-456B-AC6D-856F88516056}.Debug|x64.ActiveCfg = Debug|x64
		{3AA38F95-836E-456B-AC6D-856F88516056}.Debug|x64.Build.0 = Debug|x64
		{3AA38F95-836E-456B-AC6D-856F88516056}.Release|Any CPU.ActiveCfg = Release|Any CPU
		{3AA38F95-836E-456B-AC6D-856F88516056}.Release|Any CPU.Build.0 = Release|Any CPU
		{3AA38F95-836E-456B-AC6D-856F88516056}.Release|x64.ActiveCfg = Release|x64
		{3AA38F95-836E-456B-AC6D-856F88516056}.Release|x64.Build.0 = Release|x64
	EndGlobalSection
	GlobalSection(SolutionProperties) = preSolution
		HideSolutionNode = FALSE
	EndGlobalSection
	GlobalSection(ExtensibilityGlobals) = postSolution
		SolutionGuid = {09A55CEB-9829-459A-B455-DB63752CAB31}
	EndGlobalSection
EndGlobal
